<?xml version="1.0" encoding="utf-8"?>
<Project ToolsVersion="4.0" xmlns="http://schemas.microsoft.com/developer/msbuild/2003">
  <ItemGroup>
    <Filter Include="Source Files">
      <UniqueIdentifier>{4FC737F1-C7A5-4376-A066-2A32D752A2FF}</UniqueIdentifier>
      <Extensions>cpp;c;cc;cxx;def;odl;idl;hpj;bat;asm;asmx</Extensions>
    </Filter>
    <Filter Include="Header Files">
      <UniqueIdentifier>{93995380-89BD-4b04-88EB-625FBE52EBFB}</UniqueIdentifier>
      <Extensions>h;hh;hpp;hxx;hm;inl;inc;ipp;xsd</Extensions>
    </Filter>
    <Filter Include="Resource Files">
      <UniqueIdentifier>{67DA6AB6-F800-4c08-8B7A-83BB121AAD01}</UniqueIdentifier>
      <Extensions>rc;ico;cur;bmp;dlg;rc2;rct;bin;rgs;gif;jpg;jpeg;jpe;resx;tiff;tif;png;wav;mfcribbon-ms</Extensions>
    </Filter>
    <Filter Include="Header Files\ArcadiaEngine">
      <UniqueIdentifier>{4391e21c-f042-4519-9bfc-537d00befd10}</UniqueIdentifier>
    </Filter>
    <Filter Include="Header Files\ArcadiaEngine\3D Base Objects">
      <UniqueIdentifier>{b8f597da-764b-43b4-b5bd-80e343690222}</UniqueIdentifier>
    </Filter>
    <Filter Include="Header Files\ArcadiaEngine\GUI Object Types">
      <UniqueIdentifier>{2098e35a-08b8-4e47-b212-3fa6ca47268c}</UniqueIdentifier>
    </Filter>
    <Filter Include="Header Files\ArcadiaEngine\Winsock Helpers">
      <UniqueIdentifier>{188b8aec-9525-4a1f-b95d-f7234227756d}</UniqueIdentifier>
    </Filter>
    <Filter Include="Header Files\ArcadiaEngine\Utilities">
      <UniqueIdentifier>{d4cf6b64-58c8-49c2-b854-6cca9535b982}</UniqueIdentifier>
    </Filter>
    <Filter Include="Header Files\ArcadiaEngine\SQLite">
      <UniqueIdentifier>{0a6a4e13-18d0-4d0e-b204-5bab22073776}</UniqueIdentifier>
    </Filter>
  </ItemGroup>
  <ItemGroup>
    <ClInclude Include="Groundfish.h">
      <Filter>Header Files</Filter>
    </ClInclude>
    <ClInclude Include="Engine\DebugConsole.h">
      <Filter>Header Files\ArcadiaEngine</Filter>
    </ClInclude>
    <ClInclude Include="Engine\FontManager.h">
      <Filter>Header Files\ArcadiaEngine</Filter>
    </ClInclude>
    <ClInclude Include="Engine\GLMCamera.h">
      <Filter>Header Files\ArcadiaEngine</Filter>
    </ClInclude>
    <ClInclude Include="Engine\GUIManager.h">
      <Filter>Header Files\ArcadiaEngine</Filter>
    </ClInclude>
    <ClInclude Include="Engine\InputManager.h">
      <Filter>Header Files\ArcadiaEngine</Filter>
    </ClInclude>
    <ClInclude Include="Engine\MemoryManager.h">
      <Filter>Header Files\ArcadiaEngine</Filter>
    </ClInclude>
    <ClInclude Include="Engine\Program.h">
      <Filter>Header Files\ArcadiaEngine</Filter>
    </ClInclude>
    <ClInclude Include="Engine\Shader.h">
      <Filter>Header Files\ArcadiaEngine</Filter>
    </ClInclude>
    <ClInclude Include="Engine\SimpleMD5.h">
      <Filter>Header Files\ArcadiaEngine</Filter>
    </ClInclude>
    <ClInclude Include="Engine\SoundWrapper.h">
      <Filter>Header Files\ArcadiaEngine</Filter>
    </ClInclude>
    <ClInclude Include="Engine\TextureAnimation.h">
      <Filter>Header Files\ArcadiaEngine</Filter>
    </ClInclude>
    <ClInclude Include="Engine\TextureManager.h">
      <Filter>Header Files\ArcadiaEngine</Filter>
    </ClInclude>
    <ClInclude Include="Engine\TimeSlice.h">
      <Filter>Header Files\ArcadiaEngine</Filter>
    </ClInclude>
    <ClInclude Include="Engine\WindowManager.h">
      <Filter>Header Files\ArcadiaEngine</Filter>
    </ClInclude>
    <ClInclude Include="Engine\WinsockWrapper.h">
      <Filter>Header Files\ArcadiaEngine</Filter>
    </ClInclude>
    <ClInclude Include="Engine\XMLWrapper.h">
      <Filter>Header Files\ArcadiaEngine</Filter>
    </ClInclude>
    <ClInclude Include="Engine\ArcadiaEngine.h">
      <Filter>Header Files\ArcadiaEngine</Filter>
    </ClInclude>
    <ClInclude Include="Engine\AutoPlayManager.h">
      <Filter>Header Files\ArcadiaEngine</Filter>
    </ClInclude>
    <ClInclude Include="EngineInit.h">
      <Filter>Header Files</Filter>
    </ClInclude>
    <ClInclude Include="PrimaryDialogue.h">
      <Filter>Header Files</Filter>
    </ClInclude>
    <ClInclude Include="Server.h">
      <Filter>Header Files</Filter>
    </ClInclude>
    <ClInclude Include="Engine\BasicPrimativeCube.h">
      <Filter>Header Files\ArcadiaEngine\3D Base Objects</Filter>
    </ClInclude>
    <ClInclude Include="Engine\BasicPrimativeIcosahedron.h">
      <Filter>Header Files\ArcadiaEngine\3D Base Objects</Filter>
    </ClInclude>
    <ClInclude Include="Engine\BasicPrimativeQuad.h">
      <Filter>Header Files\ArcadiaEngine\3D Base Objects</Filter>
    </ClInclude>
    <ClInclude Include="Engine\BasicRenderable3D.h">
      <Filter>Header Files\ArcadiaEngine\3D Base Objects</Filter>
    </ClInclude>
    <ClInclude Include="Engine\SplittableIcosahedron.h">
      <Filter>Header Files\ArcadiaEngine\3D Base Objects</Filter>
    </ClInclude>
    <ClInclude Include="Engine\SplittableCube.h">
      <Filter>Header Files\ArcadiaEngine\3D Base Objects</Filter>
    </ClInclude>
    <ClInclude Include="Engine\GUIButton.h">
      <Filter>Header Files\ArcadiaEngine\GUI Object Types</Filter>
    </ClInclude>
    <ClInclude Include="Engine\GUICheckbox.h">
      <Filter>Header Files\ArcadiaEngine\GUI Object Types</Filter>
    </ClInclude>
    <ClInclude Include="Engine\GUIDropDown.h">
      <Filter>Header Files\ArcadiaEngine\GUI Object Types</Filter>
    </ClInclude>
    <ClInclude Include="Engine\GUIEditBox.h">
      <Filter>Header Files\ArcadiaEngine\GUI Object Types</Filter>
    </ClInclude>
    <ClInclude Include="Engine\GUILabel.h">
      <Filter>Header Files\ArcadiaEngine\GUI Object Types</Filter>
    </ClInclude>
    <ClInclude Include="Engine\GUIListBox.h">
      <Filter>Header Files\ArcadiaEngine\GUI Object Types</Filter>
    </ClInclude>
    <ClInclude Include="Engine\GUIMoveable.h">
      <Filter>Header Files\ArcadiaEngine\GUI Object Types</Filter>
    </ClInclude>
    <ClInclude Include="Engine\GUIObjectNode.h">
      <Filter>Header Files\ArcadiaEngine\GUI Object Types</Filter>
    </ClInclude>
    <ClInclude Include="Engine\Color.h">
      <Filter>Header Files\ArcadiaEngine\Utilities</Filter>
    </ClInclude>
    <ClInclude Include="Engine\ShapeSplitPoints.h">
      <Filter>Header Files\ArcadiaEngine\Utilities</Filter>
    </ClInclude>
    <ClInclude Include="Engine\Vector3.h">
      <Filter>Header Files\ArcadiaEngine\Utilities</Filter>
    </ClInclude>
    <ClInclude Include="Engine\Socket.h">
      <Filter>Header Files\ArcadiaEngine\Winsock Helpers</Filter>
    </ClInclude>
    <ClInclude Include="Engine\SocketBuffer.h">
      <Filter>Header Files\ArcadiaEngine\Winsock Helpers</Filter>
    </ClInclude>
    <ClInclude Include="Engine\SimpleSHA256.h">
      <Filter>Header Files\ArcadiaEngine</Filter>
    </ClInclude>
    <ClInclude Include="FileSendAndReceive.h">
      <Filter>Header Files</Filter>
    </ClInclude>
    <ClInclude Include="MessageIdentifiers.h">
      <Filter>Header Files</Filter>
    </ClInclude>
    <ClInclude Include="HostedFileData.h">
      <Filter>Header Files</Filter>
    </ClInclude>
    <ClInclude Include="Engine\EventManager.h">
      <Filter>Header Files\ArcadiaEngine</Filter>
    </ClInclude>
    <ClInclude Include="Engine\GUIProgressBar.h">
      <Filter>Header Files\ArcadiaEngine\GUI Object Types</Filter>
    </ClInclude>
    <ClInclude Include="Engine\StringTools.h">
      <Filter>Header Files\ArcadiaEngine\Utilities</Filter>
    </ClInclude>
    <ClInclude Include="Engine\SQLWrapper.h">
      <Filter>Header Files\ArcadiaEngine\SQLite</Filter>
    </ClInclude>
    <ClInclude Include="Engine\sqlite3.h">
      <Filter>Header Files\ArcadiaEngine\SQLite</Filter>
    </ClInclude>
    <ClInclude Include="NPSQL.h">
      <Filter>Header Files</Filter>
    </ClInclude>
  </ItemGroup>
  <ItemGroup>
    <ClCompile Include="Source.cpp">
      <Filter>Source Files</Filter>
    </ClCompile>
    <ClCompile Include="Engine\sqlite3.c">
      <Filter>Header Files\ArcadiaEngine\SQLite</Filter>
    </ClCompile>
  </ItemGroup>
</Project>